
Microsoft Visual Studio Solution File, Format Version 12.00
# Visual Studio Version 16
VisualStudioVersion = 16.0.29911.84
MinimumVisualStudioVersion = 15.0.26124.0
Project("{9A19103F-16F7-4668-BE54-9A1E7A4F7556}") = "Retries", "Retries\Retries.csproj", "{956DE6CB-89E6-4848-9A54-01BC3797D7E9}"
EndProject
Project("{9A19103F-16F7-4668-BE54-9A1E7A4F7556}") = "MessageOutbox", "MessageOutbox\MessageOutbox.csproj", "{F02DBB71-BFAF-47F9-AC84-B1BED0D2E346}"
EndProject
Global
	GlobalSection(SolutionConfigurationPlatforms) = preSolution
		Debug|Any CPU = Debug|Any CPU
		Debug|x64 = Debug|x64
		Debug|x86 = Debug|x86
		Release|Any CPU = Release|Any CPU
		Release|x64 = Release|x64
		Release|x86 = Release|x86
	EndGlobalSection
	GlobalSection(ProjectConfigurationPlatforms) = postSolution
		{956DE6CB-89E6-4848-9A54-01BC3797D7E9}.Debug|Any CPU.ActiveCfg = Debug|Any CPU
		{956DE6CB-89E6-4848-9A54-01BC3797D7E9}.Debug|Any CPU.Build.0 = Debug|Any CPU
		{956DE6CB-89E6-4848-9A54-01BC3797D7E9}.Debug|x64.ActiveCfg = Debug|Any CPU
		{956DE6CB-89E6-4848-9A54-01BC3797D7E9}.Debug|x64.Build.0 = Debug|Any CPU
		{956DE6CB-89E6-4848-9A54-01BC3797D7E9}.Debug|x86.ActiveCfg = Debug|Any CPU
		{956DE6CB-89E6-4848-9A54-01BC3797D7E9}.Debug|x86.Build.0 = Debug|Any CPU
		{956DE6CB-89E6-4848-9A54-01BC3797D7E9}.Release|Any CPU.ActiveCfg = Release|Any CPU
		{956DE6CB-89E6-4848-9A54-01BC3797D7E9}.Release|Any CPU.Build.0 = Release|Any CPU
		{956DE6CB-89E6-4848-9A54-01BC3797D7E9}.Release|x64.ActiveCfg = Release|Any CPU
		{956DE6CB-89E6-4848-9A54-01BC3797D7E9}.Release|x64.Build.0 = Release|Any CPU
		{956DE6CB-89E6-4848-9A54-01BC3797D7E9}.Release|x86.ActiveCfg = Release|Any CPU
		{956DE6CB-89E6-4848-9A54-01BC3797D7E9}.Release|x86.Build.0 = Release|Any CPU
		{F02DBB71-BFAF-47F9-AC84-B1BED0D2E346}.Debug|Any CPU.ActiveCfg = Debug|Any CPU
		{F02DBB71-BFAF-47F9-AC84-B1BED0D2E346}.Debug|Any CPU.Build.0 = Debug|Any CPU
		{F02DBB71-BFAF-47F9-AC84-B1BED0D2E346}.Debug|x64.ActiveCfg = Debug|Any CPU
		{F02DBB71-BFAF-47F9-AC84-B1BED0D2E346}.Debug|x64.Build.0 = Debug|Any CPU
		{F02DBB71-BFAF-47F9-AC84-B1BED0D2E346}.Debug|x86.ActiveCfg = Debug|Any CPU
		{F02DBB71-BFAF-47F9-AC84-B1BED0D2E346}.Debug|x86.Build.0 = Debug|Any CPU
		{F02DBB71-BFAF-47F9-AC84-B1BED0D2E346}.Release|Any CPU.ActiveCfg = Release|Any CPU
		{F02DBB71-BFAF-47F9-AC84-B1BED0D2E346}.Release|Any CPU.Build.0 = Release|Any CPU
		{F02DBB71-BFAF-47F9-AC84-B1BED0D2E346}.Release|x64.ActiveCfg = Release|Any CPU
		{F02DBB71-BFAF-47F9-AC84-B1BED0D2E346}.Release|x64.Build.0 = Release|Any CPU
		{F02DBB71-BFAF-47F9-AC84-B1BED0D2E346}.Release|x86.ActiveCfg = Release|Any CPU
		{F02DBB71-BFAF-47F9-AC84-B1BED0D2E346}.Release|x86.Build.0 = Release|Any CPU
	EndGlobalSection
	GlobalSection(SolutionProperties) = preSolution
		HideSolutionNode = FALSE
	EndGlobalSection
	GlobalSection(ExtensibilityGlobals) = postSolution
		SolutionGuid = {43AE9E49-C0D9-4C98-8AA0-AA8997E2ADD6}
	EndGlobalSection
EndGlobal
